
Microsoft Visual Studio Solution File, Format Version 12.00
# Visual Studio Version 16
VisualStudioVersion = 16.0.33027.164
MinimumVisualStudioVersion = 10.0.40219.1
Project("{FAE04EC0-301F-11D3-BF4B-00C04F79EFBC}") = "ConclaseAcademyBlog", "ConclaseAcademyBlog\ConclaseAcademyBlog.csproj", "{646D9B80-E09E-48FC-BBE0-806BC5403215}"
EndProject
Global
	GlobalSection(SolutionConfigurationPlatforms) = preSolution
		Debug|Any CPU = Debug|Any CPU
		Release|Any CPU = Release|Any CPU
	EndGlobalSection
	GlobalSection(ProjectConfigurationPlatforms) = postSolution
		{646D9B80-E09E-48FC-BBE0-806BC5403215}.Debug|Any CPU.ActiveCfg = Debug|Any CPU
		{646D9B80-E09E-48FC-BBE0-806BC5403215}.Debug|Any CPU.Build.0 = Debug|Any CPU
		{646D9B80-E09E-48FC-BBE0-806BC5403215}.Release|Any CPU.ActiveCfg = Release|Any CPU
		{646D9B80-E09E-48FC-BBE0-806BC5403215}.Release|Any CPU.Build.0 = Release|Any CPU
	EndGlobalSection
	GlobalSection(SolutionProperties) = preSolution
		HideSolutionNode = FALSE
	EndGlobalSection
	GlobalSection(ExtensibilityGlobals) = postSolution
		SolutionGuid = {A42439F8-C0DF-4851-B6F1-C7E05F8DA5D3}
	EndGlobalSection
EndGlobal
